
Microsoft Visual Studio Solution File, Format Version 12.00
# Visual Studio Version 17
VisualStudioVersion = 17.3.32819.101
MinimumVisualStudioVersion = 10.0.40219.1
Project("{FAE04EC0-301F-11D3-BF4B-00C04F79EFBC}") = "Presentación", "PROYECTO SEMESTRE\Presentación.csproj", "{EFAE9D21-4B3E-44F6-AC0F-5FBC7B475233}"
EndProject
Project("{FAE04EC0-301F-11D3-BF4B-00C04F79EFBC}") = "Logica", "Logica\Logica.csproj", "{EB73CC56-9A18-447B-9A95-4FA4DE7E60F5}"
EndProject
Project("{FAE04EC0-301F-11D3-BF4B-00C04F79EFBC}") = "Datos", "Datos\Datos.csproj", "{447119FB-B4AD-4F56-8B6B-6AF390D811E8}"
EndProject
Project("{FAE04EC0-301F-11D3-BF4B-00C04F79EFBC}") = "Entidades", "Entidades\Entidades.csproj", "{F782D358-24F3-40B3-B330-B9CE1A21774E}"
EndProject
Project("{FAE04EC0-301F-11D3-BF4B-00C04F79EFBC}") = "Presentacion", "Presentacion\Presentacion.csproj", "{EC7219E2-CDB9-4C0A-A1A6-0F78D5BCAADD}"
EndProject
Global
	GlobalSection(SolutionConfigurationPlatforms) = preSolution
		Debug|Any CPU = Debug|Any CPU
		Release|Any CPU = Release|Any CPU
	EndGlobalSection
	GlobalSection(ProjectConfigurationPlatforms) = postSolution
		{EFAE9D21-4B3E-44F6-AC0F-5FBC7B475233}.Debug|Any CPU.ActiveCfg = Debug|Any CPU
		{EFAE9D21-4B3E-44F6-AC0F-5FBC7B475233}.Debug|Any CPU.Build.0 = Debug|Any CPU
		{EFAE9D21-4B3E-44F6-AC0F-5FBC7B475233}.Release|Any CPU.ActiveCfg = Release|Any CPU
		{EFAE9D21-4B3E-44F6-AC0F-5FBC7B475233}.Release|Any CPU.Build.0 = Release|Any CPU
		{EB73CC56-9A18-447B-9A95-4FA4DE7E60F5}.Debug|Any CPU.ActiveCfg = Debug|Any CPU
		{EB73CC56-9A18-447B-9A95-4FA4DE7E60F5}.Debug|Any CPU.Build.0 = Debug|Any CPU
		{EB73CC56-9A18-447B-9A95-4FA4DE7E60F5}.Release|Any CPU.ActiveCfg = Release|Any CPU
		{EB73CC56-9A18-447B-9A95-4FA4DE7E60F5}.Release|Any CPU.Build.0 = Release|Any CPU
		{447119FB-B4AD-4F56-8B6B-6AF390D811E8}.Debug|Any CPU.ActiveCfg = Debug|Any CPU
		{447119FB-B4AD-4F56-8B6B-6AF390D811E8}.Debug|Any CPU.Build.0 = Debug|Any CPU
		{447119FB-B4AD-4F56-8B6B-6AF390D811E8}.Release|Any CPU.ActiveCfg = Release|Any CPU
		{447119FB-B4AD-4F56-8B6B-6AF390D811E8}.Release|Any CPU.Build.0 = Release|Any CPU
		{F782D358-24F3-40B3-B330-B9CE1A21774E}.Debug|Any CPU.ActiveCfg = Debug|Any CPU
		{F782D358-24F3-40B3-B330-B9CE1A21774E}.Debug|Any CPU.Build.0 = Debug|Any CPU
		{F782D358-24F3-40B3-B330-B9CE1A21774E}.Release|Any CPU.ActiveCfg = Release|Any CPU
		{F782D358-24F3-40B3-B330-B9CE1A21774E}.Release|Any CPU.Build.0 = Release|Any CPU
		{EC7219E2-CDB9-4C0A-A1A6-0F78D5BCAADD}.Debug|Any CPU.ActiveCfg = Debug|Any CPU
		{EC7219E2-CDB9-4C0A-A1A6-0F78D5BCAADD}.Debug|Any CPU.Build.0 = Debug|Any CPU
		{EC7219E2-CDB9-4C0A-A1A6-0F78D5BCAADD}.Release|Any CPU.ActiveCfg = Release|Any CPU
		{EC7219E2-CDB9-4C0A-A1A6-0F78D5BCAADD}.Release|Any CPU.Build.0 = Release|Any CPU
	EndGlobalSection
	GlobalSection(SolutionProperties) = preSolution
		HideSolutionNode = FALSE
	EndGlobalSection
	GlobalSection(ExtensibilityGlobals) = postSolution
		SolutionGuid = {7F558A61-36F6-44B6-AAB2-644C6C8F85A2}
	EndGlobalSection
EndGlobal
